<?xml version="1.0" encoding="utf-8"?>
<Project ToolsVersion="4.0" xmlns="http://schemas.microsoft.com/developer/msbuild/2003">
  <ItemGroup>
    <Filter Include="ソース ファイル">
      <UniqueIdentifier>{4FC737F1-C7A5-4376-A066-2A32D752A2FF}</UniqueIdentifier>
      <Extensions>cpp;c;cc;cxx;def;odl;idl;hpj;bat;asm;asmx</Extensions>
    </Filter>
    <Filter Include="ヘッダー ファイル">
      <UniqueIdentifier>{93995380-89BD-4b04-88EB-625FBE52EBFB}</UniqueIdentifier>
      <Extensions>h;hh;hpp;hxx;hm;inl;inc;ipp;xsd</Extensions>
    </Filter>
    <Filter Include="リソース ファイル">
      <UniqueIdentifier>{67DA6AB6-F800-4c08-8B7A-83BB121AAD01}</UniqueIdentifier>
      <Extensions>rc;ico;cur;bmp;dlg;rc2;rct;bin;rgs;gif;jpg;jpeg;jpe;resx;tiff;tif;png;wav;mfcribbon-ms</Extensions>
    </Filter>
    <Filter Include="htAudioDll">
      <UniqueIdentifier>{39b1efce-5942-4438-a4dd-5cbd19b2ff28}</UniqueIdentifier>
    </Filter>
    <Filter Include="Effect">
      <UniqueIdentifier>{a3d9b680-e63a-4c82-a828-e2e24185ef80}</UniqueIdentifier>
    </Filter>
  </ItemGroup>
  <ItemGroup>
    <ClInclude Include="stdafx.h">
      <Filter>ヘッダー ファイル</Filter>
    </ClInclude>
    <ClInclude Include="targetver.h">
      <Filter>ヘッダー ファイル</Filter>
    </ClInclude>
    <ClInclude Include="OpenAL\AudioFormatData\AudioFormatData.h">
      <Filter>ヘッダー ファイル</Filter>
    </ClInclude>
    <ClInclude Include="OpenAL\AudioListener\AudioListener.h">
      <Filter>ヘッダー ファイル</Filter>
    </ClInclude>
    <ClInclude Include="OpenAL\AudioSpeaker\AudioSpeaker.h">
      <Filter>ヘッダー ファイル</Filter>
    </ClInclude>
    <ClInclude Include="OpenAL\FileLoad\LoadSoundFile.h">
      <Filter>ヘッダー ファイル</Filter>
    </ClInclude>
    <ClInclude Include="OpenAL\FileLoad\Ogg\LoadOgg.h">
      <Filter>ヘッダー ファイル</Filter>
    </ClInclude>
    <ClInclude Include="OpenAL\FileLoad\Wave\LoadWave.h">
      <Filter>ヘッダー ファイル</Filter>
    </ClInclude>
    <ClInclude Include="OpenAL\OpenAlCore\OpenALDevice.h">
      <Filter>ヘッダー ファイル</Filter>
    </ClInclude>
    <ClInclude Include="Definclude.h">
      <Filter>ヘッダー ファイル</Filter>
    </ClInclude>
    <ClInclude Include="ChorusEffect.h">
      <Filter>Effect</Filter>
    </ClInclude>
    <ClInclude Include="DistortionEffect.h">
      <Filter>Effect</Filter>
    </ClInclude>
    <ClInclude Include="EQEffect.h">
      <Filter>Effect</Filter>
    </ClInclude>
    <ClInclude Include="EchoEffect.h">
      <Filter>Effect</Filter>
    </ClInclude>
    <ClInclude Include="FQEffect.h">
      <Filter>Effect</Filter>
    </ClInclude>
    <ClInclude Include="FlangerEffect.h">
      <Filter>Effect</Filter>
    </ClInclude>
    <ClInclude Include="ReverbEffects.h">
      <Filter>Effect</Filter>
    </ClInclude>
    <ClInclude Include="PitchEffect.h">
      <Filter>Effect</Filter>
    </ClInclude>
    <ClInclude Include="WahEffect.h">
      <Filter>Effect</Filter>
    </ClInclude>
    <ClInclude Include="AudioEffects.h">
      <Filter>Effect</Filter>
    </ClInclude>
    <ClInclude Include="ConeState.h">
      <Filter>Effect</Filter>
    </ClInclude>
    <ClInclude Include="AudioManager.h">
      <Filter>ヘッダー ファイル</Filter>
    </ClInclude>
    <ClInclude Include="htAudioDll.h">
      <Filter>htAudioDll</Filter>
    </ClInclude>
    <ClInclude Include="I3DAudio.h">
      <Filter>Effect</Filter>
    </ClInclude>
  </ItemGroup>
  <ItemGroup>
    <ClCompile Include="OpenAL_Engine.cpp">
      <Filter>ソース ファイル</Filter>
    </ClCompile>
    <ClCompile Include="stdafx.cpp">
      <Filter>ソース ファイル</Filter>
    </ClCompile>
    <ClCompile Include="OpenAL\AudioFormatData\AudioFormatData.cpp">
      <Filter>ソース ファイル</Filter>
    </ClCompile>
    <ClCompile Include="OpenAL\AudioListener\AudioListener.cpp">
      <Filter>ソース ファイル</Filter>
    </ClCompile>
    <ClCompile Include="OpenAL\AudioSpeaker\AudioSpeaker.cpp">
      <Filter>ソース ファイル</Filter>
    </ClCompile>
    <ClCompile Include="OpenAL\FileLoad\Ogg\LoadOgg.cpp">
      <Filter>ソース ファイル</Filter>
    </ClCompile>
    <ClCompile Include="OpenAL\FileLoad\Wave\LoadWave.cpp">
      <Filter>ソース ファイル</Filter>
    </ClCompile>
    <ClCompile Include="OpenAL\OpenAlCore\OpenALDevice.cpp">
      <Filter>ソース ファイル</Filter>
    </ClCompile>
    <ClCompile Include="EchoEffect.cpp">
      <Filter>Effect</Filter>
    </ClCompile>
    <ClCompile Include="EQEffect.cpp">
      <Filter>Effect</Filter>
    </ClCompile>
    <ClCompile Include="ChorusEffect.cpp">
      <Filter>Effect</Filter>
    </ClCompile>
    <ClCompile Include="FlangerEffect.cpp">
      <Filter>Effect</Filter>
    </ClCompile>
    <ClCompile Include="AudioEffects.cpp">
      <Filter>Effect</Filter>
    </ClCompile>
    <ClCompile Include="DistortionEffect.cpp">
      <Filter>Effect</Filter>
    </ClCompile>
    <ClCompile Include="FQEffect.cpp">
      <Filter>Effect</Filter>
    </ClCompile>
    <ClCompile Include="PitchEffect.cpp">
      <Filter>Effect</Filter>
    </ClCompile>
    <ClCompile Include="ReverbEffects.cpp">
      <Filter>Effect</Filter>
    </ClCompile>
    <ClCompile Include="WahEffect.cpp">
      <Filter>Effect</Filter>
    </ClCompile>
    <ClCompile Include="ConeState.cpp">
      <Filter>Effect</Filter>
    </ClCompile>
    <ClCompile Include="AudioManager.cpp">
      <Filter>ソース ファイル</Filter>
    </ClCompile>
    <ClCompile Include="htAudioDll.cpp">
      <Filter>htAudioDll</Filter>
    </ClCompile>
    <ClCompile Include="I3DAudio.cpp">
      <Filter>Effect</Filter>
    </ClCompile>
  </ItemGroup>
</Project>